
Microsoft Visual Studio Solution File, Format Version 12.00
# Visual Studio 15
VisualStudioVersion = 15.0.26730.10
MinimumVisualStudioVersion = 10.0.40219.1
Project("{9A19103F-16F7-4668-BE54-9A1E7A4F7556}") = "ParkingLot.Domain", "ParkingLot.Domain\ParkingLot.Domain.csproj", "{DE6C50FC-4180-4F6A-9304-64A7D0325C56}"
EndProject
Project("{9A19103F-16F7-4668-BE54-9A1E7A4F7556}") = "ParkingLot.ApplicationService", "ParkingLot.ApplicationService\ParkingLot.ApplicationService.csproj", "{041F1155-32F1-46A4-8CAA-B65938721203}"
EndProject
Project("{9A19103F-16F7-4668-BE54-9A1E7A4F7556}") = "ParkingLot.Infrastructure", "ParkingLot.Infrastructure\ParkingLot.Infrastructure.csproj", "{7567FF22-EE32-4603-A4E6-4A840BC740A0}"
EndProject
Project("{9A19103F-16F7-4668-BE54-9A1E7A4F7556}") = "ParkingLot.ConsoleApp", "ParkingLot.ConsoleApp\ParkingLot.ConsoleApp.csproj", "{9D9AAFA2-B850-4373-A91F-D30B6EC437BF}"
EndProject
Project("{9A19103F-16F7-4668-BE54-9A1E7A4F7556}") = "ParkingLot.ApplicationService.Tests", "ParkingLot.ApplicationService.Tests\ParkingLot.ApplicationService.Tests.csproj", "{A30793AD-31DA-4A5C-B06A-DEB485035227}"
EndProject
Project("{9A19103F-16F7-4668-BE54-9A1E7A4F7556}") = "ParkingLot.Domain.Tests", "ParkingLot.Domain.Tests\ParkingLot.Domain.Tests.csproj", "{548F69E4-B35E-469E-8BA8-D99AB1E0E1CB}"
EndProject
Project("{2150E333-8FDC-42A3-9474-1A3956D46DE8}") = "Solution Items", "Solution Items", "{B3247A78-5AAC-40E5-8F20-3606C0B2D102}"
	ProjectSection(SolutionItems) = preProject
		ParkingLotProblemStatement2017.pdf = ParkingLotProblemStatement2017.pdf
		readme.md = readme.md
	EndProjectSection
EndProject
Global
	GlobalSection(SolutionConfigurationPlatforms) = preSolution
		Debug|Any CPU = Debug|Any CPU
		Release|Any CPU = Release|Any CPU
	EndGlobalSection
	GlobalSection(ProjectConfigurationPlatforms) = postSolution
		{DE6C50FC-4180-4F6A-9304-64A7D0325C56}.Debug|Any CPU.ActiveCfg = Debug|Any CPU
		{DE6C50FC-4180-4F6A-9304-64A7D0325C56}.Debug|Any CPU.Build.0 = Debug|Any CPU
		{DE6C50FC-4180-4F6A-9304-64A7D0325C56}.Release|Any CPU.ActiveCfg = Release|Any CPU
		{DE6C50FC-4180-4F6A-9304-64A7D0325C56}.Release|Any CPU.Build.0 = Release|Any CPU
		{041F1155-32F1-46A4-8CAA-B65938721203}.Debug|Any CPU.ActiveCfg = Debug|Any CPU
		{041F1155-32F1-46A4-8CAA-B65938721203}.Debug|Any CPU.Build.0 = Debug|Any CPU
		{041F1155-32F1-46A4-8CAA-B65938721203}.Release|Any CPU.ActiveCfg = Release|Any CPU
		{041F1155-32F1-46A4-8CAA-B65938721203}.Release|Any CPU.Build.0 = Release|Any CPU
		{7567FF22-EE32-4603-A4E6-4A840BC740A0}.Debug|Any CPU.ActiveCfg = Debug|Any CPU
		{7567FF22-EE32-4603-A4E6-4A840BC740A0}.Debug|Any CPU.Build.0 = Debug|Any CPU
		{7567FF22-EE32-4603-A4E6-4A840BC740A0}.Release|Any CPU.ActiveCfg = Release|Any CPU
		{7567FF22-EE32-4603-A4E6-4A840BC740A0}.Release|Any CPU.Build.0 = Release|Any CPU
		{9D9AAFA2-B850-4373-A91F-D30B6EC437BF}.Debug|Any CPU.ActiveCfg = Debug|Any CPU
		{9D9AAFA2-B850-4373-A91F-D30B6EC437BF}.Debug|Any CPU.Build.0 = Debug|Any CPU
		{9D9AAFA2-B850-4373-A91F-D30B6EC437BF}.Release|Any CPU.ActiveCfg = Release|Any CPU
		{9D9AAFA2-B850-4373-A91F-D30B6EC437BF}.Release|Any CPU.Build.0 = Release|Any CPU
		{A30793AD-31DA-4A5C-B06A-DEB485035227}.Debug|Any CPU.ActiveCfg = Debug|Any CPU
		{A30793AD-31DA-4A5C-B06A-DEB485035227}.Debug|Any CPU.Build.0 = Debug|Any CPU
		{A30793AD-31DA-4A5C-B06A-DEB485035227}.Release|Any CPU.ActiveCfg = Release|Any CPU
		{A30793AD-31DA-4A5C-B06A-DEB485035227}.Release|Any CPU.Build.0 = Release|Any CPU
		{548F69E4-B35E-469E-8BA8-D99AB1E0E1CB}.Debug|Any CPU.ActiveCfg = Debug|Any CPU
		{548F69E4-B35E-469E-8BA8-D99AB1E0E1CB}.Debug|Any CPU.Build.0 = Debug|Any CPU
		{548F69E4-B35E-469E-8BA8-D99AB1E0E1CB}.Release|Any CPU.ActiveCfg = Release|Any CPU
		{548F69E4-B35E-469E-8BA8-D99AB1E0E1CB}.Release|Any CPU.Build.0 = Release|Any CPU
	EndGlobalSection
	GlobalSection(SolutionProperties) = preSolution
		HideSolutionNode = FALSE
	EndGlobalSection
	GlobalSection(ExtensibilityGlobals) = postSolution
		SolutionGuid = {1B37A8A0-D5D9-4E6C-8D0D-C11981083D7A}
	EndGlobalSection
EndGlobal
